// !$*UTF8*$!
{
	archiveVersion = 1;
	classes = {
	};
	objectVersion = 77;
	objects = {

/* Begin PBXBuildFile section */
		DB49ED6A2FE9931F0099C921 /* LiquidGlassKit in Frameworks */ = {isa = PBXBuildFile; productRef = DB49ED692FE9931F0099C921 /* LiquidGlassKit */; };
		DB49ED7A2FEC50A00099C921 /* Lottie in Frameworks */ = {isa = PBXBuildFile; productRef = DB49ED792FEC50A00099C921 /* Lottie */; };
		DB78A6662FFD0731001BECF6 /* DequeModule in Frameworks */ = {isa = PBXBuildFile; productRef = DB78A6652FFD0731001BECF6 /* DequeModule */; };
		DB78A8C63006327D001BECF6 /* Nuke in Frameworks */ = {isa = PBXBuildFile; productRef = DB78A8C53006327D001BECF6 /* Nuke */; };
		DB78A8C83006327D001BECF6 /* NukeUI in Frameworks */ = {isa = PBXBuildFile; productRef = DB78A8C73006327D001BECF6 /* NukeUI */; };
		DBCCCD142FE8AC95004C9C94 /* BlurSwiftUI in Frameworks */ = {isa = PBXBuildFile; productRef = DBCCCD132FE8AC95004C9C94 /* BlurSwiftUI */; };
		DBCCCD162FE8AC95004C9C94 /* BlurUIKit in Frameworks */ = {isa = PBXBuildFile; productRef = DBCCCD152FE8AC95004C9C94 /* BlurUIKit */; };
/* End PBXBuildFile section */

/* Begin PBXContainerItemProxy section */
		DB01A1C52FE46D5000AF0B70 /* PBXContainerItemProxy */ = {
			isa = PBXContainerItemProxy;
			containerPortal = DB01A1AC2FE46D4D00AF0B70 /* Project object */;
			proxyType = 1;
			remoteGlobalIDString = DB01A1B32FE46D4D00AF0B70;
			remoteInfo = Ephmrl;
		};
		DB01A1CF2FE46D5000AF0B70 /* PBXContainerItemProxy */ = {
			isa = PBXContainerItemProxy;
			containerPortal = DB01A1AC2FE46D4D00AF0B70 /* Project object */;
			proxyType = 1;
			remoteGlobalIDString = DB01A1B32FE46D4D00AF0B70;
			remoteInfo = Ephmrl;
		};
/* End PBXContainerItemProxy section */

/* Begin PBXFileReference section */
		DB01A1B42FE46D4D00AF0B70 /* Ephmrl.app */ = {isa = PBXFileReference; explicitFileType = wrapper.application; includeInIndex = 0; path = Ephmrl.app; sourceTree = BUILT_PRODUCTS_DIR; };
		DB01A1C42FE46D5000AF0B70 /* EphmrlTests.xctest */ = {isa = PBXFileReference; explicitFileType = wrapper.cfbundle; includeInIndex = 0; path = EphmrlTests.xctest; sourceTree = BUILT_PRODUCTS_DIR; };
		DB01A1CE2FE46D5000AF0B70 /* EphmrlUITests.xctest */ = {isa = PBXFileReference; explicitFileType = wrapper.cfbundle; includeInIndex = 0; path = EphmrlUITests.xctest; sourceTree = BUILT_PRODUCTS_DIR; };
/* End PBXFileReference section */

/* Begin PBXFileSystemSynchronizedBuildFileExceptionSet section */
		DB78A8B43004200F001BECF6 /* Exceptions for "Ephmrl" folder in "Ephmrl" target */ = {
			isa = PBXFileSystemSynchronizedBuildFileExceptionSet;
			membershipExceptions = (
				Info.plist,
			);
			target = DB01A1B32FE46D4D00AF0B70 /* Ephmrl */;
		};
/* End PBXFileSystemSynchronizedBuildFileExceptionSet section */

/* Begin PBXFileSystemSynchronizedRootGroup section */
		DB01A1B62FE46D4D00AF0B70 /* Ephmrl */ = {
			isa = PBXFileSystemSynchronizedRootGroup;
			exceptions = (
				DB78A8B43004200F001BECF6 /* Exceptions for "Ephmrl" folder in "Ephmrl" target */,
			);
			path = Ephmrl;
			sourceTree = "<group>";
		};
/* End PBXFileSystemSynchronizedRootGroup section */

/* Begin PBXFrameworksBuildPhase section */
		DB01A1B12FE46D4D00AF0B70 /* Frameworks */ = {
			isa = PBXFrameworksBuildPhase;
			buildActionMask = 2147483647;
			files = (
				DBCCCD162FE8AC95004C9C94 /* BlurUIKit in Frameworks */,
				DB78A8C83006327D001BECF6 /* NukeUI in Frameworks */,
				DBCCCD142FE8AC95004C9C94 /* BlurSwiftUI in Frameworks */,
				DB78A6662FFD0731001BECF6 /* DequeModule in Frameworks */,
				DB78A8C63006327D001BECF6 /* Nuke in Frameworks */,
				DB49ED6A2FE9931F0099C921 /* LiquidGlassKit in Frameworks */,
				DB49ED7A2FEC50A00099C921 /* Lottie in Frameworks */,
			);
			runOnlyForDeploymentPostprocessing = 0;
		};
		DB01A1C12FE46D5000AF0B70 /* Frameworks */ = {
			isa = PBXFrameworksBuildPhase;
			buildActionMask = 2147483647;
			files = (
			);
			runOnlyForDeploymentPostprocessing = 0;
		};
		DB01A1CB2FE46D5000AF0B70 /* Frameworks */ = {
			isa = PBXFrameworksBuildPhase;
			buildActionMask = 2147483647;
			files = (
			);
			runOnlyForDeploymentPostprocessing = 0;
		};
/* End PBXFrameworksBuildPhase section */

/* Begin PBXGroup section */
		DB01A1AB2FE46D4D00AF0B70 = {
			isa = PBXGroup;
			children = (
				DB01A1B62FE46D4D00AF0B70 /* Ephmrl */,
				DB01A1B52FE46D4D00AF0B70 /* Products */,
			);
			sourceTree = "<group>";
		};
		DB01A1B52FE46D4D00AF0B70 /* Products */ = {
			isa = PBXGroup;
			children = (
				DB01A1B42FE46D4D00AF0B70 /* Ephmrl.app */,
				DB01A1C42FE46D5000AF0B70 /* EphmrlTests.xctest */,
				DB01A1CE2FE46D5000AF0B70 /* EphmrlUITests.xctest */,
			);
			name = Products;
			sourceTree = "<group>";
		};
/* End PBXGroup section */

/* Begin PBXNativeTarget section */
		DB01A1B32FE46D4D00AF0B70 /* Ephmrl */ = {
			isa = PBXNativeTarget;
			buildConfigurationList = DB01A1D82FE46D5000AF0B70 /* Build configuration list for PBXNativeTarget "Ephmrl" */;
			buildPhases = (
				DB01A1B02FE46D4D00AF0B70 /* Sources */,
				DB01A1B12FE46D4D00AF0B70 /* Frameworks */,
				DB01A1B22FE46D4D00AF0B70 /* Resources */,
			);
			buildRules = (
			);
			dependencies = (
			);
			fileSystemSynchronizedGroups = (
				DB01A1B62FE46D4D00AF0B70 /* Ephmrl */,
			);
			name = Ephmrl;
			packageProductDependencies = (
				DBCCCD132FE8AC95004C9C94 /* BlurSwiftUI */,
				DBCCCD152FE8AC95004C9C94 /* BlurUIKit */,
				DB49ED692FE9931F0099C921 /* LiquidGlassKit */,
				DB49ED792FEC50A00099C921 /* Lottie */,
				DB78A6652FFD0731001BECF6 /* DequeModule */,
				DB78A8C53006327D001BECF6 /* Nuke */,
				DB78A8C73006327D001BECF6 /* NukeUI */,
			);
			productName = Ephmrl;
			productReference = DB01A1B42FE46D4D00AF0B70 /* Ephmrl.app */;
			productType = "com.apple.product-type.application";
		};
		DB01A1C32FE46D5000AF0B70 /* EphmrlTests */ = {
			isa = PBXNativeTarget;
			buildConfigurationList = DB01A1DB2FE46D5000AF0B70 /* Build configuration list for PBXNativeTarget "EphmrlTests" */;
			buildPhases = (
				DB01A1C02FE46D5000AF0B70 /* Sources */,
				DB01A1C12FE46D5000AF0B70 /* Frameworks */,
				DB01A1C22FE46D5000AF0B70 /* Resources */,
			);
			buildRules = (
			);
			dependencies = (
				DB01A1C62FE46D5000AF0B70 /* PBXTargetDependency */,
			);
			name = EphmrlTests;
			packageProductDependencies = (
			);
			productName = EphmrlTests;
			productReference = DB01A1C42FE46D5000AF0B70 /* EphmrlTests.xctest */;
			productType = "com.apple.product-type.bundle.unit-test";
		};
		DB01A1CD2FE46D5000AF0B70 /* EphmrlUITests */ = {
			isa = PBXNativeTarget;
			buildConfigurationList = DB01A1DE2FE46D5000AF0B70 /* Build configuration list for PBXNativeTarget "EphmrlUITests" */;
			buildPhases = (
				DB01A1CA2FE46D5000AF0B70 /* Sources */,
				DB01A1CB2FE46D5000AF0B70 /* Frameworks */,
				DB01A1CC2FE46D5000AF0B70 /* Resources */,
			);
			buildRules = (
			);
			dependencies = (
				DB01A1D02FE46D5000AF0B70 /* PBXTargetDependency */,
			);
			name = EphmrlUITests;
			packageProductDependencies = (
			);
			productName = EphmrlUITests;
			productReference = DB01A1CE2FE46D5000AF0B70 /* EphmrlUITests.xctest */;
			productType = "com.apple.product-type.bundle.ui-testing";
		};
/* End PBXNativeTarget section */

/* Begin PBXProject section */
		DB01A1AC2FE46D4D00AF0B70 /* Project object */ = {
			isa = PBXProject;
			attributes = {
				BuildIndependentTargetsInParallel = 1;
				LastSwiftUpdateCheck = 1620;
				LastUpgradeCheck = 2630;
				TargetAttributes = {
					DB01A1B32FE46D4D00AF0B70 = {
						CreatedOnToolsVersion = 16.2;
					};
					DB01A1C32FE46D5000AF0B70 = {
						CreatedOnToolsVersion = 16.2;
						TestTargetID = DB01A1B32FE46D4D00AF0B70;
					};
					DB01A1CD2FE46D5000AF0B70 = {
						CreatedOnToolsVersion = 16.2;
						TestTargetID = DB01A1B32FE46D4D00AF0B70;
					};
				};
			};
			buildConfigurationList = DB01A1AF2FE46D4D00AF0B70 /* Build configuration list for PBXProject "Ephmrl" */;
			developmentRegion = en;
			hasScannedForEncodings = 0;
			knownRegions = (
				en,
				Base,
			);
			mainGroup = DB01A1AB2FE46D4D00AF0B70;
			minimizedProjectReferenceProxies = 1;
			packageReferences = (
				DBCCCD122FE8AC95004C9C94 /* XCRemoteSwiftPackageReference "BlurUIKit" */,
				DB49ED682FE9931F0099C921 /* XCRemoteSwiftPackageReference "LiquidGlassKit" */,
				DB49ED782FEC50A00099C921 /* XCRemoteSwiftPackageReference "lottie-spm" */,
				DB78A6642FFD0731001BECF6 /* XCRemoteSwiftPackageReference "swift-collections" */,
				DB78A8C43006327D001BECF6 /* XCRemoteSwiftPackageReference "Nuke" */,
			);
			preferredProjectObjectVersion = 77;
			productRefGroup = DB01A1B52FE46D4D00AF0B70 /* Products */;
			projectDirPath = "";
			projectRoot = "";
			targets = (
				DB01A1B32FE46D4D00AF0B70 /* Ephmrl */,
				DB01A1C32FE46D5000AF0B70 /* EphmrlTests */,
				DB01A1CD2FE46D5000AF0B70 /* EphmrlUITests */,
			);
		};
/* End PBXProject section */

/* Begin PBXResourcesBuildPhase section */
		DB01A1B22FE46D4D00AF0B70 /* Resources */ = {
			isa = PBXResourcesBuildPhase;
			buildActionMask = 2147483647;
			files = (
			);
			runOnlyForDeploymentPostprocessing = 0;
		};
		DB01A1C22FE46D5000AF0B70 /* Resources */ = {
			isa = PBXResourcesBuildPhase;
			buildActionMask = 2147483647;
			files = (
			);
			runOnlyForDeploymentPostprocessing = 0;
		};
		DB01A1CC2FE46D5000AF0B70 /* Resources */ = {
			isa = PBXResourcesBuildPhase;
			buildActionMask = 2147483647;
			files = (
			);
			runOnlyForDeploymentPostprocessing = 0;
		};
/* End PBXResourcesBuildPhase section */

/* Begin PBXSourcesBuildPhase section */
		DB01A1B02FE46D4D00AF0B70 /* Sources */ = {
			isa = PBXSourcesBuildPhase;
			buildActionMask = 2147483647;
			files = (
			);
			runOnlyForDeploymentPostprocessing = 0;
		};
		DB01A1C02FE46D5000AF0B70 /* Sources */ = {
			isa = PBXSourcesBuildPhase;
			buildActionMask = 2147483647;
			files = (
			);
			runOnlyForDeploymentPostprocessing = 0;
		};
		DB01A1CA2FE46D5000AF0B70 /* Sources */ = {
			isa = PBXSourcesBuildPhase;
			buildActionMask = 2147483647;
			files = (
			);
			runOnlyForDeploymentPostprocessing = 0;
		};
/* End PBXSourcesBuildPhase section */

/* Begin PBXTargetDependency section */
		DB01A1C62FE46D5000AF0B70 /* PBXTargetDependency */ = {
			isa = PBXTargetDependency;
			target = DB01A1B32FE46D4D00AF0B70 /* Ephmrl */;
			targetProxy = DB01A1C52FE46D5000AF0B70 /* PBXContainerItemProxy */;
		};
		DB01A1D02FE46D5000AF0B70 /* PBXTargetDependency */ = {
			isa = PBXTargetDependency;
			target = DB01A1B32FE46D4D00AF0B70 /* Ephmrl */;
			targetProxy = DB01A1CF2FE46D5000AF0B70 /* PBXContainerItemProxy */;
		};
/* End PBXTargetDependency section */

/* Begin XCBuildConfiguration section */
		DB01A1D62FE46D5000AF0B70 /* Debug */ = {
			isa = XCBuildConfiguration;
			buildSettings = {
				ALWAYS_SEARCH_USER_PATHS = NO;
				ASSETCATALOG_COMPILER_GENERATE_SWIFT_ASSET_SYMBOL_EXTENSIONS = YES;
				CLANG_ANALYZER_NONNULL = YES;
				CLANG_ANALYZER_NUMBER_OBJECT_CONVERSION = YES_AGGRESSIVE;
				CLANG_CXX_LANGUAGE_STANDARD = "gnu++20";
				CLANG_ENABLE_MODULES = YES;
				CLANG_ENABLE_OBJC_ARC = YES;
				CLANG_ENABLE_OBJC_WEAK = YES;
				CLANG_WARN_BLOCK_CAPTURE_AUTORELEASING = YES;
				CLANG_WARN_BOOL_CONVERSION = YES;
				CLANG_WARN_COMMA = YES;
				CLANG_WARN_CONSTANT_CONVERSION = YES;
				CLANG_WARN_DEPRECATED_OBJC_IMPLEMENTATIONS = YES;
				CLANG_WARN_DIRECT_OBJC_ISA_USAGE = YES_ERROR;
				CLANG_WARN_DOCUMENTATION_COMMENTS = YES;
				CLANG_WARN_EMPTY_BODY = YES;
				CLANG_WARN_ENUM_CONVERSION = YES;
				CLANG_WARN_INFINITE_RECURSION = YES;
				CLANG_WARN_INT_CONVERSION = YES;
				CLANG_WARN_NON_LITERAL_NULL_CONVERSION = YES;
				CLANG_WARN_OBJC_IMPLICIT_RETAIN_SELF = YES;
				CLANG_WARN_OBJC_LITERAL_CONVERSION = YES;
				CLANG_WARN_OBJC_ROOT_CLASS = YES_ERROR;
				CLANG_WARN_QUOTED_INCLUDE_IN_FRAMEWORK_HEADER = YES;
				CLANG_WARN_RANGE_LOOP_ANALYSIS = YES;
				CLANG_WARN_STRICT_PROTOTYPES = YES;
				CLANG_WARN_SUSPICIOUS_MOVE = YES;
				CLANG_WARN_UNGUARDED_AVAILABILITY = YES_AGGRESSIVE;
				CLANG_WARN_UNREACHABLE_CODE = YES;
				CLANG_WARN__DUPLICATE_METHOD_MATCH = YES;
				COPY_PHASE_STRIP = NO;
				DEBUG_INFORMATION_FORMAT = dwarf;
				DEVELOPMENT_TEAM = 8V2F65476R;
				ENABLE_STRICT_OBJC_MSGSEND = YES;
				ENABLE_TESTABILITY = YES;
				ENABLE_USER_SCRIPT_SANDBOXING = YES;
				GCC_C_LANGUAGE_STANDARD = gnu17;
				GCC_DYNAMIC_NO_PIC = NO;
				GCC_NO_COMMON_BLOCKS = YES;
				GCC_OPTIMIZATION_LEVEL = 0;
				GCC_PREPROCESSOR_DEFINITIONS = (
					"DEBUG=1",
					"$(inherited)",
				);
				GCC_WARN_64_TO_32_BIT_CONVERSION = YES;
				GCC_WARN_ABOUT_RETURN_TYPE = YES_ERROR;
				GCC_WARN_UNDECLARED_SELECTOR = YES;
				GCC_WARN_UNINITIALIZED_AUTOS = YES_AGGRESSIVE;
				GCC_WARN_UNUSED_FUNCTION = YES;
				GCC_WARN_UNUSED_VARIABLE = YES;
				IPHONEOS_DEPLOYMENT_TARGET = 26.0;
				LLVM_LTO = YES;
				LOCALIZATION_PREFERS_STRING_CATALOGS = YES;
				MTL_ENABLE_DEBUG_INFO = INCLUDE_SOURCE;
				MTL_FAST_MATH = YES;
				ONLY_ACTIVE_ARCH = YES;
				SDKROOT = iphoneos;
				STRING_CATALOG_GENERATE_SYMBOLS = YES;
				SWIFT_ACTIVE_COMPILATION_CONDITIONS = "DEBUG $(inherited)";
				SWIFT_OPTIMIZATION_LEVEL = "-Onone";
			};
			name = Debug;
		};
		DB01A1D72FE46D5000AF0B70 /* Release */ = {
			isa = XCBuildConfiguration;
			buildSettings = {
				ALWAYS_SEARCH_USER_PATHS = NO;
				ASSETCATALOG_COMPILER_GENERATE_SWIFT_ASSET_SYMBOL_EXTENSIONS = YES;
				CLANG_ANALYZER_NONNULL = YES;
				CLANG_ANALYZER_NUMBER_OBJECT_CONVERSION = YES_AGGRESSIVE;
				CLANG_CXX_LANGUAGE_STANDARD = "gnu++20";
				CLANG_ENABLE_MODULES = YES;
				CLANG_ENABLE_OBJC_ARC = YES;
				CLANG_ENABLE_OBJC_WEAK = YES;
				CLANG_WARN_BLOCK_CAPTURE_AUTORELEASING = YES;
				CLANG_WARN_BOOL_CONVERSION = YES;
				CLANG_WARN_COMMA = YES;
				CLANG_WARN_CONSTANT_CONVERSION = YES;
				CLANG_WARN_DEPRECATED_OBJC_IMPLEMENTATIONS = YES;
				CLANG_WARN_DIRECT_OBJC_ISA_USAGE = YES_ERROR;
				CLANG_WARN_DOCUMENTATION_COMMENTS = YES;
				CLANG_WARN_EMPTY_BODY = YES;
				CLANG_WARN_ENUM_CONVERSION = YES;
				CLANG_WARN_INFINITE_RECURSION = YES;
				CLANG_WARN_INT_CONVERSION = YES;
				CLANG_WARN_NON_LITERAL_NULL_CONVERSION = YES;
				CLANG_WARN_OBJC_IMPLICIT_RETAIN_SELF = YES;
				CLANG_WARN_OBJC_LITERAL_CONVERSION = YES;
				CLANG_WARN_OBJC_ROOT_CLASS = YES_ERROR;
				CLANG_WARN_QUOTED_INCLUDE_IN_FRAMEWORK_HEADER = YES;
				CLANG_WARN_RANGE_LOOP_ANALYSIS = YES;
				CLANG_WARN_STRICT_PROTOTYPES = YES;
				CLANG_WARN_SUSPICIOUS_MOVE = YES;
				CLANG_WARN_UNGUARDED_AVAILABILITY = YES_AGGRESSIVE;
				CLANG_WARN_UNREACHABLE_CODE = YES;
				CLANG_WARN__DUPLICATE_METHOD_MATCH = YES;
				COPY_PHASE_STRIP = NO;
				DEBUG_INFORMATION_FORMAT = "dwarf-with-dsym";
				DEVELOPMENT_TEAM = 8V2F65476R;
				ENABLE_NS_ASSERTIONS = NO;
				ENABLE_STRICT_OBJC_MSGSEND = YES;
				ENABLE_USER_SCRIPT_SANDBOXING = YES;
				GCC_C_LANGUAGE_STANDARD = gnu17;
				GCC_NO_COMMON_BLOCKS = YES;
				GCC_WARN_64_TO_32_BIT_CONVERSION = YES;
				GCC_WARN_ABOUT_RETURN_TYPE = YES_ERROR;
				GCC_WARN_UNDECLARED_SELECTOR = YES;
				GCC_WARN_UNINITIALIZED_AUTOS = YES_AGGRESSIVE;
				GCC_WARN_UNUSED_FUNCTION = YES;
				GCC_WARN_UNUSED_VARIABLE = YES;
				IPHONEOS_DEPLOYMENT_TARGET = 26.0;
				LLVM_LTO = YES;
				LOCALIZATION_PREFERS_STRING_CATALOGS = YES;
				MTL_ENABLE_DEBUG_INFO = NO;
				MTL_FAST_MATH = YES;
				SDKROOT = iphoneos;
				STRING_CATALOG_GENERATE_SYMBOLS = YES;
				SWIFT_COMPILATION_MODE = wholemodule;
				VALIDATE_PRODUCT = YES;
			};
			name = Release;
		};
		DB01A1D92FE46D5000AF0B70 /* Debug */ = {
			isa = XCBuildConfiguration;
			buildSettings = {
				ASSETCATALOG_COMPILER_APPICON_NAME = AppIcon;
				ASSETCATALOG_COMPILER_GLOBAL_ACCENT_COLOR_NAME = AccentColor;
				CODE_SIGN_STYLE = Automatic;
				CURRENT_PROJECT_VERSION = 1;
				DEVELOPMENT_ASSET_PATHS = "\"Ephmrl/Preview Content\"";
				ENABLE_PREVIEWS = YES;
				GENERATE_INFOPLIST_FILE = YES;
				INFOPLIST_FILE = Ephmrl/Info.plist;
				INFOPLIST_KEY_CFBundleDisplayName = Ephmrl;
				INFOPLIST_KEY_LSApplicationCategoryType = "public.app-category.social-networking";
				INFOPLIST_KEY_UIApplicationSceneManifest_Generation = YES;
				INFOPLIST_KEY_UIApplicationSupportsIndirectInputEvents = YES;
				INFOPLIST_KEY_UILaunchScreen_Generation = YES;
				INFOPLIST_KEY_UISupportedInterfaceOrientations = UIInterfaceOrientationPortrait;
				IPHONEOS_DEPLOYMENT_TARGET = 26.0;
				LD_RUNPATH_SEARCH_PATHS = (
					"$(inherited)",
					"@executable_path/Frameworks",
				);
				MARKETING_VERSION = 1.0;
				PRODUCT_BUNDLE_IDENTIFIER = org.ephmrl.app;
				PRODUCT_NAME = "$(TARGET_NAME)";
				SUPPORTED_PLATFORMS = "iphoneos iphonesimulator";
				SUPPORTS_MACCATALYST = NO;
				SUPPORTS_MAC_DESIGNED_FOR_IPHONE_IPAD = NO;
				SUPPORTS_XR_DESIGNED_FOR_IPHONE_IPAD = NO;
				SWIFT_EMIT_LOC_STRINGS = YES;
				SWIFT_VERSION = 5.0;
				TARGETED_DEVICE_FAMILY = 1;
			};
			name = Debug;
		};
		DB01A1DA2FE46D5000AF0B70 /* Release */ = {
			isa = XCBuildConfiguration;
			buildSettings = {
				ASSETCATALOG_COMPILER_APPICON_NAME = AppIcon;
				ASSETCATALOG_COMPILER_GLOBAL_ACCENT_COLOR_NAME = AccentColor;
				CODE_SIGN_STYLE = Automatic;
				CURRENT_PROJECT_VERSION = 1;
				DEVELOPMENT_ASSET_PATHS = "\"Ephmrl/Preview Content\"";
				ENABLE_PREVIEWS = YES;
				GENERATE_INFOPLIST_FILE = YES;
				INFOPLIST_FILE = Ephmrl/Info.plist;
				INFOPLIST_KEY_CFBundleDisplayName = Ephmrl;
				INFOPLIST_KEY_LSApplicationCategoryType = "public.app-category.social-networking";
				INFOPLIST_KEY_UIApplicationSceneManifest_Generation = YES;
				INFOPLIST_KEY_UIApplicationSupportsIndirectInputEvents = YES;
				INFOPLIST_KEY_UILaunchScreen_Generation = YES;
				INFOPLIST_KEY_UISupportedInterfaceOrientations = UIInterfaceOrientationPortrait;
				IPHONEOS_DEPLOYMENT_TARGET = 26.0;
				LD_RUNPATH_SEARCH_PATHS = (
					"$(inherited)",
					"@executable_path/Frameworks",
				);
				MARKETING_VERSION = 1.0;
				PRODUCT_BUNDLE_IDENTIFIER = org.ephmrl.app;
				PRODUCT_NAME = "$(TARGET_NAME)";
				SUPPORTED_PLATFORMS = "iphoneos iphonesimulator";
				SUPPORTS_MACCATALYST = NO;
				SUPPORTS_MAC_DESIGNED_FOR_IPHONE_IPAD = NO;
				SUPPORTS_XR_DESIGNED_FOR_IPHONE_IPAD = NO;
				SWIFT_EMIT_LOC_STRINGS = YES;
				SWIFT_VERSION = 5.0;
				TARGETED_DEVICE_FAMILY = 1;
			};
			name = Release;
		};
		DB01A1DC2FE46D5000AF0B70 /* Debug */ = {
			isa = XCBuildConfiguration;
			buildSettings = {
				BUNDLE_LOADER = "$(TEST_HOST)";
				CODE_SIGN_STYLE = Automatic;
				CURRENT_PROJECT_VERSION = 1;
				GENERATE_INFOPLIST_FILE = YES;
				IPHONEOS_DEPLOYMENT_TARGET = 26.0;
				MARKETING_VERSION = 1.0;
				PRODUCT_BUNDLE_IDENTIFIER = org.ephmrl.app.EphmrlTests;
				PRODUCT_NAME = "$(TARGET_NAME)";
				SUPPORTED_PLATFORMS = "iphoneos iphonesimulator";
				SUPPORTS_MACCATALYST = NO;
				SUPPORTS_MAC_DESIGNED_FOR_IPHONE_IPAD = NO;
				SUPPORTS_XR_DESIGNED_FOR_IPHONE_IPAD = NO;
				SWIFT_EMIT_LOC_STRINGS = NO;
				SWIFT_VERSION = 5.0;
				TARGETED_DEVICE_FAMILY = 1;
				TEST_HOST = "$(BUILT_PRODUCTS_DIR)/Ephmrl.app/$(BUNDLE_EXECUTABLE_FOLDER_PATH)/Ephmrl";
			};
			name = Debug;
		};
		DB01A1DD2FE46D5000AF0B70 /* Release */ = {
			isa = XCBuildConfiguration;
			buildSettings = {
				BUNDLE_LOADER = "$(TEST_HOST)";
				CODE_SIGN_STYLE = Automatic;
				CURRENT_PROJECT_VERSION = 1;
				GENERATE_INFOPLIST_FILE = YES;
				IPHONEOS_DEPLOYMENT_TARGET = 26.0;
				MARKETING_VERSION = 1.0;
				PRODUCT_BUNDLE_IDENTIFIER = org.ephmrl.app.EphmrlTests;
				PRODUCT_NAME = "$(TARGET_NAME)";
				SUPPORTED_PLATFORMS = "iphoneos iphonesimulator";
				SUPPORTS_MACCATALYST = NO;
				SUPPORTS_MAC_DESIGNED_FOR_IPHONE_IPAD = NO;
				SUPPORTS_XR_DESIGNED_FOR_IPHONE_IPAD = NO;
				SWIFT_EMIT_LOC_STRINGS = NO;
				SWIFT_VERSION = 5.0;
				TARGETED_DEVICE_FAMILY = 1;
				TEST_HOST = "$(BUILT_PRODUCTS_DIR)/Ephmrl.app/$(BUNDLE_EXECUTABLE_FOLDER_PATH)/Ephmrl";
			};
			name = Release;
		};
		DB01A1DF2FE46D5000AF0B70 /* Debug */ = {
			isa = XCBuildConfiguration;
			buildSettings = {
				CODE_SIGN_STYLE = Automatic;
				CURRENT_PROJECT_VERSION = 1;
				GENERATE_INFOPLIST_FILE = YES;
				IPHONEOS_DEPLOYMENT_TARGET = 26.0;
				MARKETING_VERSION = 1.0;
				PRODUCT_BUNDLE_IDENTIFIER = org.ephmrl.app.EphmrlUITests;
				PRODUCT_NAME = "$(TARGET_NAME)";
				SUPPORTED_PLATFORMS = "iphoneos iphonesimulator";
				SUPPORTS_MACCATALYST = NO;
				SUPPORTS_MAC_DESIGNED_FOR_IPHONE_IPAD = NO;
				SUPPORTS_XR_DESIGNED_FOR_IPHONE_IPAD = NO;
				SWIFT_EMIT_LOC_STRINGS = NO;
				SWIFT_VERSION = 5.0;
				TARGETED_DEVICE_FAMILY = 1;
				TEST_TARGET_NAME = Ephmrl;
			};
			name = Debug;
		};
		DB01A1E02FE46D5000AF0B70 /* Release */ = {
			isa = XCBuildConfiguration;
			buildSettings = {
				CODE_SIGN_STYLE = Automatic;
				CURRENT_PROJECT_VERSION = 1;
				GENERATE_INFOPLIST_FILE = YES;
				IPHONEOS_DEPLOYMENT_TARGET = 26.0;
				MARKETING_VERSION = 1.0;
				PRODUCT_BUNDLE_IDENTIFIER = org.ephmrl.app.EphmrlUITests;
				PRODUCT_NAME = "$(TARGET_NAME)";
				SUPPORTED_PLATFORMS = "iphoneos iphonesimulator";
				SUPPORTS_MACCATALYST = NO;
				SUPPORTS_MAC_DESIGNED_FOR_IPHONE_IPAD = NO;
				SUPPORTS_XR_DESIGNED_FOR_IPHONE_IPAD = NO;
				SWIFT_EMIT_LOC_STRINGS = NO;
				SWIFT_VERSION = 5.0;
				TARGETED_DEVICE_FAMILY = 1;
				TEST_TARGET_NAME = Ephmrl;
			};
			name = Release;
		};
/* End XCBuildConfiguration section */

/* Begin XCConfigurationList section */
		DB01A1AF2FE46D4D00AF0B70 /* Build configuration list for PBXProject "Ephmrl" */ = {
			isa = XCConfigurationList;
			buildConfigurations = (
				DB01A1D62FE46D5000AF0B70 /* Debug */,
				DB01A1D72FE46D5000AF0B70 /* Release */,
			);
			defaultConfigurationIsVisible = 0;
			defaultConfigurationName = Release;
		};
		DB01A1D82FE46D5000AF0B70 /* Build configuration list for PBXNativeTarget "Ephmrl" */ = {
			isa = XCConfigurationList;
			buildConfigurations = (
				DB01A1D92FE46D5000AF0B70 /* Debug */,
				DB01A1DA2FE46D5000AF0B70 /* Release */,
			);
			defaultConfigurationIsVisible = 0;
			defaultConfigurationName = Release;
		};
		DB01A1DB2FE46D5000AF0B70 /* Build configuration list for PBXNativeTarget "EphmrlTests" */ = {
			isa = XCConfigurationList;
			buildConfigurations = (
				DB01A1DC2FE46D5000AF0B70 /* Debug */,
				DB01A1DD2FE46D5000AF0B70 /* Release */,
			);
			defaultConfigurationIsVisible = 0;
			defaultConfigurationName = Release;
		};
		DB01A1DE2FE46D5000AF0B70 /* Build configuration list for PBXNativeTarget "EphmrlUITests" */ = {
			isa = XCConfigurationList;
			buildConfigurations = (
				DB01A1DF2FE46D5000AF0B70 /* Debug */,
				DB01A1E02FE46D5000AF0B70 /* Release */,
			);
			defaultConfigurationIsVisible = 0;
			defaultConfigurationName = Release;
		};
/* End XCConfigurationList section */

/* Begin XCRemoteSwiftPackageReference section */
		DB49ED682FE9931F0099C921 /* XCRemoteSwiftPackageReference "LiquidGlassKit" */ = {
			isa = XCRemoteSwiftPackageReference;
			repositoryURL = "https://github.com/DnV1eX/LiquidGlassKit";
			requirement = {
				kind = upToNextMajorVersion;
				minimumVersion = 1.0.1;
			};
		};
		DB49ED782FEC50A00099C921 /* XCRemoteSwiftPackageReference "lottie-spm" */ = {
			isa = XCRemoteSwiftPackageReference;
			repositoryURL = "https://github.com/airbnb/lottie-spm.git";
			requirement = {
				kind = upToNextMajorVersion;
				minimumVersion = 4.6.1;
			};
		};
		DB78A6642FFD0731001BECF6 /* XCRemoteSwiftPackageReference "swift-collections" */ = {
			isa = XCRemoteSwiftPackageReference;
			repositoryURL = "https://github.com/apple/swift-collections.git";
			requirement = {
				kind = upToNextMajorVersion;
				minimumVersion = 1.6.0;
			};
		};
		DB78A8C43006327D001BECF6 /* XCRemoteSwiftPackageReference "Nuke" */ = {
			isa = XCRemoteSwiftPackageReference;
			repositoryURL = "https://github.com/kean/Nuke";
			requirement = {
				kind = upToNextMajorVersion;
				minimumVersion = 13.0.6;
			};
		};
		DBCCCD122FE8AC95004C9C94 /* XCRemoteSwiftPackageReference "BlurUIKit" */ = {
			isa = XCRemoteSwiftPackageReference;
			repositoryURL = "https://github.com/TimOliver/BlurUIKit";
			requirement = {
				kind = upToNextMajorVersion;
				minimumVersion = 1.5.0;
			};
		};
/* End XCRemoteSwiftPackageReference section */

/* Begin XCSwiftPackageProductDependency section */
		DB49ED692FE9931F0099C921 /* LiquidGlassKit */ = {
			isa = XCSwiftPackageProductDependency;
			package = DB49ED682FE9931F0099C921 /* XCRemoteSwiftPackageReference "LiquidGlassKit" */;
			productName = LiquidGlassKit;
		};
		DB49ED792FEC50A00099C921 /* Lottie */ = {
			isa = XCSwiftPackageProductDependency;
			package = DB49ED782FEC50A00099C921 /* XCRemoteSwiftPackageReference "lottie-spm" */;
			productName = Lottie;
		};
		DB78A6652FFD0731001BECF6 /* DequeModule */ = {
			isa = XCSwiftPackageProductDependency;
			package = DB78A6642FFD0731001BECF6 /* XCRemoteSwiftPackageReference "swift-collections" */;
			productName = DequeModule;
		};
		DB78A8C53006327D001BECF6 /* Nuke */ = {
			isa = XCSwiftPackageProductDependency;
			package = DB78A8C43006327D001BECF6 /* XCRemoteSwiftPackageReference "Nuke" */;
			productName = Nuke;
		};
		DB78A8C73006327D001BECF6 /* NukeUI */ = {
			isa = XCSwiftPackageProductDependency;
			package = DB78A8C43006327D001BECF6 /* XCRemoteSwiftPackageReference "Nuke" */;
			productName = NukeUI;
		};
		DBCCCD132FE8AC95004C9C94 /* BlurSwiftUI */ = {
			isa = XCSwiftPackageProductDependency;
			package = DBCCCD122FE8AC95004C9C94 /* XCRemoteSwiftPackageReference "BlurUIKit" */;
			productName = BlurSwiftUI;
		};
		DBCCCD152FE8AC95004C9C94 /* BlurUIKit */ = {
			isa = XCSwiftPackageProductDependency;
			package = DBCCCD122FE8AC95004C9C94 /* XCRemoteSwiftPackageReference "BlurUIKit" */;
			productName = BlurUIKit;
		};
/* End XCSwiftPackageProductDependency section */
	};
	rootObject = DB01A1AC2FE46D4D00AF0B70 /* Project object */;
}
